
Microsoft Visual Studio Solution File, Format Version 12.00
Project("{2150E333-8FDC-42A3-9474-1A3956D46DE8}") = "Users", "Users", "{0C465AA6-61EF-4846-B16B-F43D08F2E8CE}"
EndProject
Project("{2150E333-8FDC-42A3-9474-1A3956D46DE8}") = "NotifierWorker", "NotifierWorker", "{2910147B-1BB4-4BDB-8665-D77BEAB6E8B1}"
EndProject
Project("{2150E333-8FDC-42A3-9474-1A3956D46DE8}") = "Subscriptions", "Subscriptions", "{B9ED03CC-06CC-402A-9D85-EDF33B3732CA}"
EndProject
Project("{2150E333-8FDC-42A3-9474-1A3956D46DE8}") = "PaymentsWebhooks", "PaymentsWebhooks", "{76343971-E0E5-4A2A-9002-4AC6950A7924}"
EndProject
Project("{2150E333-8FDC-42A3-9474-1A3956D46DE8}") = "src", "src", "{08F6143F-E253-4167-921B-8837E4CB5BD5}"
EndProject
Project("{2150E333-8FDC-42A3-9474-1A3956D46DE8}") = "tests", "tests", "{0D5D9B97-3797-4550-862B-22CEAB10F01B}"
EndProject
Global
	GlobalSection(SolutionConfigurationPlatforms) = preSolution
		Debug|Any CPU = Debug|Any CPU
		Release|Any CPU = Release|Any CPU
	EndGlobalSection
	GlobalSection(NestedProjects) = preSolution
		{2910147B-1BB4-4BDB-8665-D77BEAB6E8B1} = {08F6143F-E253-4167-921B-8837E4CB5BD5}
		{76343971-E0E5-4A2A-9002-4AC6950A7924} = {08F6143F-E253-4167-921B-8837E4CB5BD5}
		{0C465AA6-61EF-4846-B16B-F43D08F2E8CE} = {08F6143F-E253-4167-921B-8837E4CB5BD5}
		{B9ED03CC-06CC-402A-9D85-EDF33B3732CA} = {08F6143F-E253-4167-921B-8837E4CB5BD5}
	EndGlobalSection
EndGlobal
